{
  "lockfile_version": "1",
  "packages": {
    "difftastic@latest": {
      "last_modified": "2026-05-21T08:15:18Z",
      "resolved": "github:NixOS/nixpkgs/4a29d733e8a7d5b824c3d8c958a946a9867b3eb2#difftastic",
      "source": "devbox-search",
      "version": "0.69.0",
      "systems": {
        "aarch64-darwin": {
          "outputs": [
            {
              "name": "out",
              "path": "/nix/store/arbkpq6ww8pvrdv4748d38zkxw61583g-difftastic-0.69.0",
              "default": true
            }
          ],
          "store_path": "/nix/store/arbkpq6ww8pvrdv4748d38zkxw61583g-difftastic-0.69.0"
        },
        "aarch64-linux": {
          "outputs": [
            {
              "name": "out",
              "path": "/nix/store/6ipvl7bjfmpni3iqs33dp6wh6l6nq8k5-difftastic-0.69.0",
              "default": true
            }
          ],
          "store_path": "/nix/store/6ipvl7bjfmpni3iqs33dp6wh6l6nq8k5-difftastic-0.69.0"
        },
        "x86_64-darwin": {
          "outputs": [
            {
              "name": "out",
              "path": "/nix/store/sqhpb5bv6jbcza4mkvk9yp079c08jmga-difftastic-0.69.0",
              "default": true
            }
          ],
          "store_path": "/nix/store/sqhpb5bv6jbcza4mkvk9yp079c08jmga-difftastic-0.69.0"
        },
        "x86_64-linux": {
          "outputs": [
            {
              "name": "out",
              "path": "/nix/store/8dd6fb033djn93vi5a3x61fgwcawhcpa-difftastic-0.69.0",
              "default": true
            }
          ],
          "store_path": "/nix/store/8dd6fb033djn93vi5a3x61fgwcawhcpa-difftastic-0.69.0"
        }
      }
    },
    "ffmpeg@latest": {
      "last_modified": "2026-06-01T17:55:45Z",
      "resolved": "github:NixOS/nixpkgs/4df1b885d76a54e1aa1a318f8d16fd6005b6401f#ffmpeg",
      "source": "devbox-search",
      "version": "8.1",
      "systems": {
        "aarch64-darwin": {
          "outputs": [
            {
              "name": "bin",
              "path": "/nix/store/ngfvm0mvlcl3qy4c0va1xk7ik7hf5z5d-ffmpeg-8.1-bin",
              "default": true
            },
            {
              "name": "man",
              "path": "/nix/store/7i34r2xda7qh2y9jsnm8jxgh31d1nk57-ffmpeg-8.1-man",
              "default": true
            },
            {
              "name": "out",
              "path": "/nix/store/wl1lb6gb6isnglzmwvdn55hi48ac1mcl-ffmpeg-8.1"
            },
            {
              "name": "data",
              "path": "/nix/store/svw1lk5s6hgfvmndi7klg9kp9p65h4wi-ffmpeg-8.1-data"
            },
            {
              "name": "dev",
              "path": "/nix/store/arhfvajz4160hqrvllcjri0zlshyl43m-ffmpeg-8.1-dev"
            },
            {
              "name": "doc",
              "path": "/nix/store/f8f02xn2j8qjcii07ig0x3jwcd1qd7r9-ffmpeg-8.1-doc"
            },
            {
              "name": "lib",
              "path": "/nix/store/rz9xhl5q5v9gh7lhk6z8zgi98h9xzx7n-ffmpeg-8.1-lib"
            }
          ],
          "store_path": "/nix/store/ngfvm0mvlcl3qy4c0va1xk7ik7hf5z5d-ffmpeg-8.1-bin"
        },
        "aarch64-linux": {
          "outputs": [
            {
              "name": "bin",
              "path": "/nix/store/9189pnq5pjzsbqmp9l8rkr9kwbwmg2w6-ffmpeg-8.1-bin",
              "default": true
            },
            {
              "name": "man",
              "path": "/nix/store/mk17rxwak2j48qrs3axccsknhzwl5733-ffmpeg-8.1-man",
              "default": true
            },
            {
              "name": "lib",
              "path": "/nix/store/x57wbkqyx80h7lhdziqh7ikwg8lgraxc-ffmpeg-8.1-lib"
            },
            {
              "name": "out",
              "path": "/nix/store/wdrpm09qjhb155kwch9b19pag9wagpkz-ffmpeg-8.1"
            },
            {
              "name": "data",
              "path": "/nix/store/fgjpgi3vfl2ayqfmddfq45wzp5q09q9s-ffmpeg-8.1-data"
            },
            {
              "name": "dev",
              "path": "/nix/store/amsa6czh5400dxq2giif31vlnbcjp09z-ffmpeg-8.1-dev"
            },
            {
              "name": "doc",
              "path": "/nix/store/8anck5absahqjvikpxb87yn1inpb4fdv-ffmpeg-8.1-doc"
            }
          ],
          "store_path": "/nix/store/9189pnq5pjzsbqmp9l8rkr9kwbwmg2w6-ffmpeg-8.1-bin"
        },
        "x86_64-darwin": {
          "outputs": [
            {
              "name": "bin",
              "path": "/nix/store/qjil0v0y05rcrs2bzyijwyb90d5zfbzw-ffmpeg-8.1-bin",
              "default": true
            },
            {
              "name": "man",
              "path": "/nix/store/481y1x104ril85y1fdvpf55yk6r9n732-ffmpeg-8.1-man",
              "default": true
            },
            {
              "name": "data",
              "path": "/nix/store/hrvdbg19nsdh94rzvgxcvvkkq6rkph2k-ffmpeg-8.1-data"
            },
            {
              "name": "dev",
              "path": "/nix/store/8r42iwc8pcz420gjczzgmgy86kn8wc39-ffmpeg-8.1-dev"
            },
            {
              "name": "doc",
              "path": "/nix/store/mwn24al75gjgm42nck1bckmplv2zdz8h-ffmpeg-8.1-doc"
            },
            {
              "name": "lib",
              "path": "/nix/store/7vy887l5yhwaisic91xj6rdp7m7vd8jm-ffmpeg-8.1-lib"
            },
            {
              "name": "out",
              "path": "/nix/store/his8zz9p0mc0azz3rwjyknydn0d67n6s-ffmpeg-8.1"
            }
          ],
          "store_path": "/nix/store/qjil0v0y05rcrs2bzyijwyb90d5zfbzw-ffmpeg-8.1-bin"
        },
        "x86_64-linux": {
          "outputs": [
            {
              "name": "bin",
              "path": "/nix/store/281zx8sanx5fcp8j6advwics7gwdvdaz-ffmpeg-8.1-bin",
              "default": true
            },
            {
              "name": "man",
              "path": "/nix/store/dnnz7b0444c6pb6q8rippk90sl0pnz1n-ffmpeg-8.1-man",
              "default": true
            },
            {
              "name": "out",
              "path": "/nix/store/84h52wlvlvb2y7hmm6338m7i4m1mpi0v-ffmpeg-8.1"
            },
            {
              "name": "data",
              "path": "/nix/store/pxxjhd9y7z2anp67bp6j4002r9bnwizf-ffmpeg-8.1-data"
            },
            {
              "name": "dev",
              "path": "/nix/store/7rv05vh6qh1sfiirhjkfjp2gskqhxdp9-ffmpeg-8.1-dev"
            },
            {
              "name": "doc",
              "path": "/nix/store/m0k08lknppyyk6dh58157i835da3qnxx-ffmpeg-8.1-doc"
            },
            {
              "name": "lib",
              "path": "/nix/store/xvrjmskfrp07gmh1zzlyfkv50nw40dcv-ffmpeg-8.1-lib"
            }
          ],
          "store_path": "/nix/store/281zx8sanx5fcp8j6advwics7gwdvdaz-ffmpeg-8.1-bin"
        }
      }
    },
    "gh@latest": {
      "last_modified": "2026-05-29T05:01:12Z",
      "resolved": "github:NixOS/nixpkgs/e9a7635a57597d9754eccebdfc7045e6c8600e6b#gh",
      "source": "devbox-search",
      "version": "2.93.0",
      "systems": {
        "aarch64-darwin": {
          "outputs": [
            {
              "name": "out",
              "path": "/nix/store/p7wwwbqc7s50l4z2jgk42hynw15cmwx6-gh-2.93.0",
              "default": true
            }
          ],
          "store_path": "/nix/store/p7wwwbqc7s50l4z2jgk42hynw15cmwx6-gh-2.93.0"
        },
        "aarch64-linux": {
          "outputs": [
            {
              "name": "out",
              "path": "/nix/store/1lc9qaiyrpyrk4l3r451msli62wa6im4-gh-2.93.0",
              "default": true
            }
          ],
          "store_path": "/nix/store/1lc9qaiyrpyrk4l3r451msli62wa6im4-gh-2.93.0"
        },
        "x86_64-darwin": {
          "outputs": [
            {
              "name": "out",
              "path": "/nix/store/giwixml54fx65khz0dkwk1k6pa2rvdb4-gh-2.93.0",
              "default": true
            }
          ],
          "store_path": "/nix/store/giwixml54fx65khz0dkwk1k6pa2rvdb4-gh-2.93.0"
        },
        "x86_64-linux": {
          "outputs": [
            {
              "name": "out",
              "path": "/nix/store/fxvyz1dx5wp87qgbd6dfkmqqb4fypm3b-gh-2.93.0",
              "default": true
            }
          ],
          "store_path": "/nix/store/fxvyz1dx5wp87qgbd6dfkmqqb4fypm3b-gh-2.93.0"
        }
      }
    },
    "github:NixOS/nixpkgs/nixpkgs-unstable": {
      "last_modified": "2026-06-08T15:01:26Z",
      "resolved": "github:NixOS/nixpkgs/8c3cede7ddc26bd659d2d383b5610efbd2c7a16e?lastModified=1780930886&narHash=sha256-rppURzHviaQN131F%2BnLiLdGfcb0uCd9gGP0E5%2Biw9MI%3D"
    },
    "granted@latest": {
      "last_modified": "2026-05-21T08:15:18Z",
      "resolved": "github:NixOS/nixpkgs/4a29d733e8a7d5b824c3d8c958a946a9867b3eb2#granted",
      "source": "devbox-search",
      "version": "0.38.0",
      "systems": {
        "aarch64-darwin": {
          "outputs": [
            {
              "name": "out",
              "path": "/nix/store/rdw4f49baj4m6rnnkb9zz90aqf8ns97d-granted-0.38.0",
              "default": true
            }
          ],
          "store_path": "/nix/store/rdw4f49baj4m6rnnkb9zz90aqf8ns97d-granted-0.38.0"
        },
        "aarch64-linux": {
          "outputs": [
            {
              "name": "out",
              "path": "/nix/store/vixfvmgyj3dl4wn9v4lxrp4a07nb24m5-granted-0.38.0",
              "default": true
            }
          ],
          "store_path": "/nix/store/vixfvmgyj3dl4wn9v4lxrp4a07nb24m5-granted-0.38.0"
        },
        "x86_64-darwin": {
          "outputs": [
            {
              "name": "out",
              "path": "/nix/store/ix5xzfhqp603x7f3zx65wd4gvp1skvzw-granted-0.38.0",
              "default": true
            }
          ],
          "store_path": "/nix/store/ix5xzfhqp603x7f3zx65wd4gvp1skvzw-granted-0.38.0"
        },
        "x86_64-linux": {
          "outputs": [
            {
              "name": "out",
              "path": "/nix/store/jgkw220m8c6sm517c8n6965rnpvwcvmy-granted-0.38.0",
              "default": true
            }
          ],
          "store_path": "/nix/store/jgkw220m8c6sm517c8n6965rnpvwcvmy-granted-0.38.0"
        }
      }
    },
    "qrcode@latest": {
      "last_modified": "2026-05-21T08:15:18Z",
      "resolved": "github:NixOS/nixpkgs/4a29d733e8a7d5b824c3d8c958a946a9867b3eb2#qrcode",
      "source": "devbox-search",
      "version": "0-unstable-2025-04-29",
      "systems": {
        "aarch64-darwin": {
          "outputs": [
            {
              "name": "out",
              "path": "/nix/store/w0mx83msi4qcbgizqi00ivf2mapxw8lh-qrcode-0-unstable-2025-04-29",
              "default": true
            }
          ],
          "store_path": "/nix/store/w0mx83msi4qcbgizqi00ivf2mapxw8lh-qrcode-0-unstable-2025-04-29"
        },
        "aarch64-linux": {
          "outputs": [
            {
              "name": "out",
              "path": "/nix/store/ph3mbf44s2cjjrh83hm0bisa12fgyzpq-qrcode-0-unstable-2025-04-29",
              "default": true
            }
          ],
          "store_path": "/nix/store/ph3mbf44s2cjjrh83hm0bisa12fgyzpq-qrcode-0-unstable-2025-04-29"
        },
        "x86_64-darwin": {
          "outputs": [
            {
              "name": "out",
              "path": "/nix/store/0xg7gpnffzbqw8phj350p2j5qn1iw4wx-qrcode-0-unstable-2025-04-29",
              "default": true
            }
          ],
          "store_path": "/nix/store/0xg7gpnffzbqw8phj350p2j5qn1iw4wx-qrcode-0-unstable-2025-04-29"
        },
        "x86_64-linux": {
          "outputs": [
            {
              "name": "out",
              "path": "/nix/store/srpg8kbm9qvwzw0h3dkrwm39zvykggfh-qrcode-0-unstable-2025-04-29",
              "default": true
            }
          ],
          "store_path": "/nix/store/srpg8kbm9qvwzw0h3dkrwm39zvykggfh-qrcode-0-unstable-2025-04-29"
        }
      }
    },
    "ripgrep@latest": {
      "last_modified": "2026-05-21T08:15:18Z",
      "resolved": "github:NixOS/nixpkgs/4a29d733e8a7d5b824c3d8c958a946a9867b3eb2#ripgrep",
      "source": "devbox-search",
      "version": "15.1.0",
      "systems": {
        "aarch64-darwin": {
          "outputs": [
            {
              "name": "out",
              "path": "/nix/store/8k3a39k5wxvch0ir2lb1pskvwing02lq-ripgrep-15.1.0",
              "default": true
            }
          ],
          "store_path": "/nix/store/8k3a39k5wxvch0ir2lb1pskvwing02lq-ripgrep-15.1.0"
        },
        "aarch64-linux": {
          "outputs": [
            {
              "name": "out",
              "path": "/nix/store/ayxgmx0yf8mjfym3jprkkrjql1hyh8wy-ripgrep-15.1.0",
              "default": true
            }
          ],
          "store_path": "/nix/store/ayxgmx0yf8mjfym3jprkkrjql1hyh8wy-ripgrep-15.1.0"
        },
        "x86_64-darwin": {
          "outputs": [
            {
              "name": "out",
              "path": "/nix/store/ra0dsj16fbhgkymvpa84wvhbqdvw7lq7-ripgrep-15.1.0",
              "default": true
            }
          ],
          "store_path": "/nix/store/ra0dsj16fbhgkymvpa84wvhbqdvw7lq7-ripgrep-15.1.0"
        },
        "x86_64-linux": {
          "outputs": [
            {
              "name": "out",
              "path": "/nix/store/ixsp81bia5w1fqd2d59vwbcfqk3n5231-ripgrep-15.1.0",
              "default": true
            }
          ],
          "store_path": "/nix/store/ixsp81bia5w1fqd2d59vwbcfqk3n5231-ripgrep-15.1.0"
        }
      }
    }
  }
}
